// !$*UTF8*$!
{
	archiveVersion = 1;
	classes = {
	};
	objectVersion = 56;
	objects = {

/* Begin PBXBuildFile section */
		36136FE52A345A3F0019B989 /* CalculatorApp.swift in Sources */ = {isa = PBXBuildFile; fileRef = 36136FE42A345A3F0019B989 /* CalculatorApp.swift */; };
		36136FE72A345A3F0019B989 /* ContentView.swift in Sources */ = {isa = PBXBuildFile; fileRef = 36136FE62A345A3F0019B989 /* ContentView.swift */; };
		36136FE92A345A3F0019B989 /* Assets.xcassets in Resources */ = {isa = PBXBuildFile; fileRef = 36136FE82A345A3F0019B989 /* Assets.xcassets */; };
		36136FEC2A345A3F0019B989 /* Preview Assets.xcassets in Resources */ = {isa = PBXBuildFile; fileRef = 36136FEB2A345A3F0019B989 /* Preview Assets.xcassets */; };
		36136FF32A3462F30019B989 /* ACButton.swift in Sources */ = {isa = PBXBuildFile; fileRef = 36136FF22A3462F30019B989 /* ACButton.swift */; };
		36136FF52A34A1EE0019B989 /* plusMinusButton.swift in Sources */ = {isa = PBXBuildFile; fileRef = 36136FF42A34A1EE0019B989 /* plusMinusButton.swift */; };
		36136FF72A34A2330019B989 /* percentButton.swift in Sources */ = {isa = PBXBuildFile; fileRef = 36136FF62A34A2330019B989 /* percentButton.swift */; };
		36136FF92A34A2A60019B989 /* divideButton.swift in Sources */ = {isa = PBXBuildFile; fileRef = 36136FF82A34A2A60019B989 /* divideButton.swift */; };
		36136FFB2A34A31C0019B989 /* multiplyButton.swift in Sources */ = {isa = PBXBuildFile; fileRef = 36136FFA2A34A31C0019B989 /* multiplyButton.swift */; };
		36136FFD2A34A3560019B989 /* minusButton.swift in Sources */ = {isa = PBXBuildFile; fileRef = 36136FFC2A34A3560019B989 /* minusButton.swift */; };
		36136FFF2A34AA3A0019B989 /* plusButton.swift in Sources */ = {isa = PBXBuildFile; fileRef = 36136FFE2A34AA3A0019B989 /* plusButton.swift */; };
		361370012A34AA600019B989 /* equalButton.swift in Sources */ = {isa = PBXBuildFile; fileRef = 361370002A34AA600019B989 /* equalButton.swift */; };
		361370052A34AB190019B989 /* zeroButton.swift in Sources */ = {isa = PBXBuildFile; fileRef = 361370042A34AB190019B989 /* zeroButton.swift */; };
		361370072A34AB5B0019B989 /* oneButton.swift in Sources */ = {isa = PBXBuildFile; fileRef = 361370062A34AB5B0019B989 /* oneButton.swift */; };
		361370092A34AC9C0019B989 /* twoButton.swift in Sources */ = {isa = PBXBuildFile; fileRef = 361370082A34AC9C0019B989 /* twoButton.swift */; };
		3613700B2A34ACAB0019B989 /* threeButton.swift in Sources */ = {isa = PBXBuildFile; fileRef = 3613700A2A34ACAB0019B989 /* threeButton.swift */; };
		3613700D2A34ACC40019B989 /* fourButton.swift in Sources */ = {isa = PBXBuildFile; fileRef = 3613700C2A34ACC40019B989 /* fourButton.swift */; };
		3613700F2A34ACD50019B989 /* fiveButton.swift in Sources */ = {isa = PBXBuildFile; fileRef = 3613700E2A34ACD50019B989 /* fiveButton.swift */; };
		361370112A34ACE50019B989 /* sixButton.swift in Sources */ = {isa = PBXBuildFile; fileRef = 361370102A34ACE50019B989 /* sixButton.swift */; };
		361370132A34ACF80019B989 /* sevenButton.swift in Sources */ = {isa = PBXBuildFile; fileRef = 361370122A34ACF80019B989 /* sevenButton.swift */; };
		361370152A34AD080019B989 /* eightButton.swift in Sources */ = {isa = PBXBuildFile; fileRef = 361370142A34AD080019B989 /* eightButton.swift */; };
		361370172A34AD1D0019B989 /* nineButton.swift in Sources */ = {isa = PBXBuildFile; fileRef = 361370162A34AD1D0019B989 /* nineButton.swift */; };
		361370192A34AD690019B989 /* periodButton.swift in Sources */ = {isa = PBXBuildFile; fileRef = 361370182A34AD690019B989 /* periodButton.swift */; };
		3613701B2A34B08A0019B989 /* calculateArea.swift in Sources */ = {isa = PBXBuildFile; fileRef = 3613701A2A34B08A0019B989 /* calculateArea.swift */; };
/* End PBXBuildFile section */

/* Begin PBXFileReference section */
		36136FE12A345A3F0019B989 /* Calculator.app */ = {isa = PBXFileReference; explicitFileType = wrapper.application; includeInIndex = 0; path = Calculator.app; sourceTree = BUILT_PRODUCTS_DIR; };
		36136FE42A345A3F0019B989 /* CalculatorApp.swift */ = {isa = PBXFileReference; lastKnownFileType = sourcecode.swift; path = CalculatorApp.swift; sourceTree = "<group>"; };
		36136FE62A345A3F0019B989 /* ContentView.swift */ = {isa = PBXFileReference; lastKnownFileType = sourcecode.swift; path = ContentView.swift; sourceTree = "<group>"; };
		36136FE82A345A3F0019B989 /* Assets.xcassets */ = {isa = PBXFileReference; lastKnownFileType = folder.assetcatalog; path = Assets.xcassets; sourceTree = "<group>"; };
		36136FEB2A345A3F0019B989 /* Preview Assets.xcassets */ = {isa = PBXFileReference; lastKnownFileType = folder.assetcatalog; path = "Preview Assets.xcassets"; sourceTree = "<group>"; };
		36136FF22A3462F30019B989 /* ACButton.swift */ = {isa = PBXFileReference; lastKnownFileType = sourcecode.swift; path = ACButton.swift; sourceTree = "<group>"; };
		36136FF42A34A1EE0019B989 /* plusMinusButton.swift */ = {isa = PBXFileReference; lastKnownFileType = sourcecode.swift; path = plusMinusButton.swift; sourceTree = "<group>"; };
		36136FF62A34A2330019B989 /* percentButton.swift */ = {isa = PBXFileReference; lastKnownFileType = sourcecode.swift; path = percentButton.swift; sourceTree = "<group>"; };
		36136FF82A34A2A60019B989 /* divideButton.swift */ = {isa = PBXFileReference; lastKnownFileType = sourcecode.swift; path = divideButton.swift; sourceTree = "<group>"; };
		36136FFA2A34A31C0019B989 /* multiplyButton.swift */ = {isa = PBXFileReference; lastKnownFileType = sourcecode.swift; path = multiplyButton.swift; sourceTree = "<group>"; };
		36136FFC2A34A3560019B989 /* minusButton.swift */ = {isa = PBXFileReference; lastKnownFileType = sourcecode.swift; path = minusButton.swift; sourceTree = "<group>"; };
		36136FFE2A34AA3A0019B989 /* plusButton.swift */ = {isa = PBXFileReference; lastKnownFileType = sourcecode.swift; path = plusButton.swift; sourceTree = "<group>"; };
		361370002A34AA600019B989 /* equalButton.swift */ = {isa = PBXFileReference; lastKnownFileType = sourcecode.swift; path = equalButton.swift; sourceTree = "<group>"; };
		361370042A34AB190019B989 /* zeroButton.swift */ = {isa = PBXFileReference; lastKnownFileType = sourcecode.swift; path = zeroButton.swift; sourceTree = "<group>"; };
		361370062A34AB5B0019B989 /* oneButton.swift */ = {isa = PBXFileReference; lastKnownFileType = sourcecode.swift; path = oneButton.swift; sourceTree = "<group>"; };
		361370082A34AC9C0019B989 /* twoButton.swift */ = {isa = PBXFileReference; lastKnownFileType = sourcecode.swift; path = twoButton.swift; sourceTree = "<group>"; };
		3613700A2A34ACAB0019B989 /* threeButton.swift */ = {isa = PBXFileReference; lastKnownFileType = sourcecode.swift; path = threeButton.swift; sourceTree = "<group>"; };
		3613700C2A34ACC40019B989 /* fourButton.swift */ = {isa = PBXFileReference; lastKnownFileType = sourcecode.swift; path = fourButton.swift; sourceTree = "<group>"; };
		3613700E2A34ACD50019B989 /* fiveButton.swift */ = {isa = PBXFileReference; lastKnownFileType = sourcecode.swift; path = fiveButton.swift; sourceTree = "<group>"; };
		361370102A34ACE50019B989 /* sixButton.swift */ = {isa = PBXFileReference; lastKnownFileType = sourcecode.swift; path = sixButton.swift; sourceTree = "<group>"; };
		361370122A34ACF80019B989 /* sevenButton.swift */ = {isa = PBXFileReference; lastKnownFileType = sourcecode.swift; path = sevenButton.swift; sourceTree = "<group>"; };
		361370142A34AD080019B989 /* eightButton.swift */ = {isa = PBXFileReference; lastKnownFileType = sourcecode.swift; path = eightButton.swift; sourceTree = "<group>"; };
		361370162A34AD1D0019B989 /* nineButton.swift */ = {isa = PBXFileReference; lastKnownFileType = sourcecode.swift; path = nineButton.swift; sourceTree = "<group>"; };
		361370182A34AD690019B989 /* periodButton.swift */ = {isa = PBXFileReference; lastKnownFileType = sourcecode.swift; path = periodButton.swift; sourceTree = "<group>"; };
		3613701A2A34B08A0019B989 /* calculateArea.swift */ = {isa = PBXFileReference; lastKnownFileType = sourcecode.swift; path = calculateArea.swift; sourceTree = "<group>"; };
/* End PBXFileReference section */

/* Begin PBXFrameworksBuildPhase section */
		36136FDE2A345A3F0019B989 /* Frameworks */ = {
			isa = PBXFrameworksBuildPhase;
			buildActionMask = 2147483647;
			files = (
			);
			runOnlyForDeploymentPostprocessing = 0;
		};
/* End PBXFrameworksBuildPhase section */

/* Begin PBXGroup section */
		36136FD82A345A3F0019B989 = {
			isa = PBXGroup;
			children = (
				36136FE32A345A3F0019B989 /* Calculator */,
				36136FE22A345A3F0019B989 /* Products */,
			);
			sourceTree = "<group>";
		};
		36136FE22A345A3F0019B989 /* Products */ = {
			isa = PBXGroup;
			children = (
				36136FE12A345A3F0019B989 /* Calculator.app */,
			);
			name = Products;
			sourceTree = "<group>";
		};
		36136FE32A345A3F0019B989 /* Calculator */ = {
			isa = PBXGroup;
			children = (
				36136FE42A345A3F0019B989 /* CalculatorApp.swift */,
				36136FE62A345A3F0019B989 /* ContentView.swift */,
				361370022A34AA7E0019B989 /* calculateButtons */,
				361370032A34AAE70019B989 /* numberButtons */,
				36136FE82A345A3F0019B989 /* Assets.xcassets */,
				36136FEA2A345A3F0019B989 /* Preview Content */,
				3613701A2A34B08A0019B989 /* calculateArea.swift */,
			);
			path = Calculator;
			sourceTree = "<group>";
		};
		36136FEA2A345A3F0019B989 /* Preview Content */ = {
			isa = PBXGroup;
			children = (
				36136FEB2A345A3F0019B989 /* Preview Assets.xcassets */,
			);
			path = "Preview Content";
			sourceTree = "<group>";
		};
		361370022A34AA7E0019B989 /* calculateButtons */ = {
			isa = PBXGroup;
			children = (
				36136FF22A3462F30019B989 /* ACButton.swift */,
				36136FF42A34A1EE0019B989 /* plusMinusButton.swift */,
				36136FF62A34A2330019B989 /* percentButton.swift */,
				36136FF82A34A2A60019B989 /* divideButton.swift */,
				36136FFA2A34A31C0019B989 /* multiplyButton.swift */,
				36136FFC2A34A3560019B989 /* minusButton.swift */,
				36136FFE2A34AA3A0019B989 /* plusButton.swift */,
				361370002A34AA600019B989 /* equalButton.swift */,
			);
			path = calculateButtons;
			sourceTree = "<group>";
		};
		361370032A34AAE70019B989 /* numberButtons */ = {
			isa = PBXGroup;
			children = (
				361370042A34AB190019B989 /* zeroButton.swift */,
				361370062A34AB5B0019B989 /* oneButton.swift */,
				361370082A34AC9C0019B989 /* twoButton.swift */,
				3613700A2A34ACAB0019B989 /* threeButton.swift */,
				3613700C2A34ACC40019B989 /* fourButton.swift */,
				3613700E2A34ACD50019B989 /* fiveButton.swift */,
				361370102A34ACE50019B989 /* sixButton.swift */,
				361370122A34ACF80019B989 /* sevenButton.swift */,
				361370142A34AD080019B989 /* eightButton.swift */,
				361370162A34AD1D0019B989 /* nineButton.swift */,
				361370182A34AD690019B989 /* periodButton.swift */,
			);
			path = numberButtons;
			sourceTree = "<group>";
		};
/* End PBXGroup section */

/* Begin PBXNativeTarget section */
		36136FE02A345A3F0019B989 /* Calculator */ = {
			isa = PBXNativeTarget;
			buildConfigurationList = 36136FEF2A345A3F0019B989 /* Build configuration list for PBXNativeTarget "Calculator" */;
			buildPhases = (
				36136FDD2A345A3F0019B989 /* Sources */,
				36136FDE2A345A3F0019B989 /* Frameworks */,
				36136FDF2A345A3F0019B989 /* Resources */,
			);
			buildRules = (
			);
			dependencies = (
			);
			name = Calculator;
			productName = Calculator;
			productReference = 36136FE12A345A3F0019B989 /* Calculator.app */;
			productType = "com.apple.product-type.application";
		};
/* End PBXNativeTarget section */

/* Begin PBXProject section */
		36136FD92A345A3F0019B989 /* Project object */ = {
			isa = PBXProject;
			attributes = {
				BuildIndependentTargetsInParallel = 1;
				LastSwiftUpdateCheck = 1420;
				LastUpgradeCheck = 1420;
				TargetAttributes = {
					36136FE02A345A3F0019B989 = {
						CreatedOnToolsVersion = 14.2;
					};
				};
			};
			buildConfigurationList = 36136FDC2A345A3F0019B989 /* Build configuration list for PBXProject "Calculator" */;
			compatibilityVersion = "Xcode 14.0";
			developmentRegion = en;
			hasScannedForEncodings = 0;
			knownRegions = (
				en,
				Base,
			);
			mainGroup = 36136FD82A345A3F0019B989;
			productRefGroup = 36136FE22A345A3F0019B989 /* Products */;
			projectDirPath = "";
			projectRoot = "";
			targets = (
				36136FE02A345A3F0019B989 /* Calculator */,
			);
		};
/* End PBXProject section */

/* Begin PBXResourcesBuildPhase section */
		36136FDF2A345A3F0019B989 /* Resources */ = {
			isa = PBXResourcesBuildPhase;
			buildActionMask = 2147483647;
			files = (
				36136FEC2A345A3F0019B989 /* Preview Assets.xcassets in Resources */,
				36136FE92A345A3F0019B989 /* Assets.xcassets in Resources */,
			);
			runOnlyForDeploymentPostprocessing = 0;
		};
/* End PBXResourcesBuildPhase section */

/* Begin PBXSourcesBuildPhase section */
		36136FDD2A345A3F0019B989 /* Sources */ = {
			isa = PBXSourcesBuildPhase;
			buildActionMask = 2147483647;
			files = (
				36136FF52A34A1EE0019B989 /* plusMinusButton.swift in Sources */,
				3613701B2A34B08A0019B989 /* calculateArea.swift in Sources */,
				3613700F2A34ACD50019B989 /* fiveButton.swift in Sources */,
				36136FFB2A34A31C0019B989 /* multiplyButton.swift in Sources */,
				361370112A34ACE50019B989 /* sixButton.swift in Sources */,
				36136FF72A34A2330019B989 /* percentButton.swift in Sources */,
				361370172A34AD1D0019B989 /* nineButton.swift in Sources */,
				36136FFF2A34AA3A0019B989 /* plusButton.swift in Sources */,
				361370012A34AA600019B989 /* equalButton.swift in Sources */,
				36136FF92A34A2A60019B989 /* divideButton.swift in Sources */,
				3613700B2A34ACAB0019B989 /* threeButton.swift in Sources */,
				361370192A34AD690019B989 /* periodButton.swift in Sources */,
				36136FFD2A34A3560019B989 /* minusButton.swift in Sources */,
				36136FE72A345A3F0019B989 /* ContentView.swift in Sources */,
				361370132A34ACF80019B989 /* sevenButton.swift in Sources */,
				361370072A34AB5B0019B989 /* oneButton.swift in Sources */,
				361370052A34AB190019B989 /* zeroButton.swift in Sources */,
				361370092A34AC9C0019B989 /* twoButton.swift in Sources */,
				361370152A34AD080019B989 /* eightButton.swift in Sources */,
				3613700D2A34ACC40019B989 /* fourButton.swift in Sources */,
				36136FE52A345A3F0019B989 /* CalculatorApp.swift in Sources */,
				36136FF32A3462F30019B989 /* ACButton.swift in Sources */,
			);
			runOnlyForDeploymentPostprocessing = 0;
		};
/* End PBXSourcesBuildPhase section */

/* Begin XCBuildConfiguration section */
		36136FED2A345A3F0019B989 /* Debug */ = {
			isa = XCBuildConfiguration;
			buildSettings = {
				ALWAYS_SEARCH_USER_PATHS = NO;
				CLANG_ANALYZER_NONNULL = YES;
				CLANG_ANALYZER_NUMBER_OBJECT_CONVERSION = YES_AGGRESSIVE;
				CLANG_CXX_LANGUAGE_STANDARD = "gnu++20";
				CLANG_ENABLE_MODULES = YES;
				CLANG_ENABLE_OBJC_ARC = YES;
				CLANG_ENABLE_OBJC_WEAK = YES;
				CLANG_WARN_BLOCK_CAPTURE_AUTORELEASING = YES;
				CLANG_WARN_BOOL_CONVERSION = YES;
				CLANG_WARN_COMMA = YES;
				CLANG_WARN_CONSTANT_CONVERSION = YES;
				CLANG_WARN_DEPRECATED_OBJC_IMPLEMENTATIONS = YES;
				CLANG_WARN_DIRECT_OBJC_ISA_USAGE = YES_ERROR;
				CLANG_WARN_DOCUMENTATION_COMMENTS = YES;
				CLANG_WARN_EMPTY_BODY = YES;
				CLANG_WARN_ENUM_CONVERSION = YES;
				CLANG_WARN_INFINITE_RECURSION = YES;
				CLANG_WARN_INT_CONVERSION = YES;
				CLANG_WARN_NON_LITERAL_NULL_CONVERSION = YES;
				CLANG_WARN_OBJC_IMPLICIT_RETAIN_SELF = YES;
				CLANG_WARN_OBJC_LITERAL_CONVERSION = YES;
				CLANG_WARN_OBJC_ROOT_CLASS = YES_ERROR;
				CLANG_WARN_QUOTED_INCLUDE_IN_FRAMEWORK_HEADER = YES;
				CLANG_WARN_RANGE_LOOP_ANALYSIS = YES;
				CLANG_WARN_STRICT_PROTOTYPES = YES;
				CLANG_WARN_SUSPICIOUS_MOVE = YES;
				CLANG_WARN_UNGUARDED_AVAILABILITY = YES_AGGRESSIVE;
				CLANG_WARN_UNREACHABLE_CODE = YES;
				CLANG_WARN__DUPLICATE_METHOD_MATCH = YES;
				COPY_PHASE_STRIP = NO;
				DEBUG_INFORMATION_FORMAT = dwarf;
				ENABLE_STRICT_OBJC_MSGSEND = YES;
				ENABLE_TESTABILITY = YES;
				GCC_C_LANGUAGE_STANDARD = gnu11;
				GCC_DYNAMIC_NO_PIC = NO;
				GCC_NO_COMMON_BLOCKS = YES;
				GCC_OPTIMIZATION_LEVEL = 0;
				GCC_PREPROCESSOR_DEFINITIONS = (
					"DEBUG=1",
					"$(inherited)",
				);
				GCC_WARN_64_TO_32_BIT_CONVERSION = YES;
				GCC_WARN_ABOUT_RETURN_TYPE = YES_ERROR;
				GCC_WARN_UNDECLARED_SELECTOR = YES;
				GCC_WARN_UNINITIALIZED_AUTOS = YES_AGGRESSIVE;
				GCC_WARN_UNUSED_FUNCTION = YES;
				GCC_WARN_UNUSED_VARIABLE = YES;
				IPHONEOS_DEPLOYMENT_TARGET = 16.2;
				MTL_ENABLE_DEBUG_INFO = INCLUDE_SOURCE;
				MTL_FAST_MATH = YES;
				ONLY_ACTIVE_ARCH = YES;
				SDKROOT = iphoneos;
				SWIFT_ACTIVE_COMPILATION_CONDITIONS = DEBUG;
				SWIFT_OPTIMIZATION_LEVEL = "-Onone";
			};
			name = Debug;
		};
		36136FEE2A345A3F0019B989 /* Release */ = {
			isa = XCBuildConfiguration;
			buildSettings = {
				ALWAYS_SEARCH_USER_PATHS = NO;
				CLANG_ANALYZER_NONNULL = YES;
				CLANG_ANALYZER_NUMBER_OBJECT_CONVERSION = YES_AGGRESSIVE;
				CLANG_CXX_LANGUAGE_STANDARD = "gnu++20";
				CLANG_ENABLE_MODULES = YES;
				CLANG_ENABLE_OBJC_ARC = YES;
				CLANG_ENABLE_OBJC_WEAK = YES;
				CLANG_WARN_BLOCK_CAPTURE_AUTORELEASING = YES;
				CLANG_WARN_BOOL_CONVERSION = YES;
				CLANG_WARN_COMMA = YES;
				CLANG_WARN_CONSTANT_CONVERSION = YES;
				CLANG_WARN_DEPRECATED_OBJC_IMPLEMENTATIONS = YES;
				CLANG_WARN_DIRECT_OBJC_ISA_USAGE = YES_ERROR;
				CLANG_WARN_DOCUMENTATION_COMMENTS = YES;
				CLANG_WARN_EMPTY_BODY = YES;
				CLANG_WARN_ENUM_CONVERSION = YES;
				CLANG_WARN_INFINITE_RECURSION = YES;
				CLANG_WARN_INT_CONVERSION = YES;
				CLANG_WARN_NON_LITERAL_NULL_CONVERSION = YES;
				CLANG_WARN_OBJC_IMPLICIT_RETAIN_SELF = YES;
				CLANG_WARN_OBJC_LITERAL_CONVERSION = YES;
				CLANG_WARN_OBJC_ROOT_CLASS = YES_ERROR;
				CLANG_WARN_QUOTED_INCLUDE_IN_FRAMEWORK_HEADER = YES;
				CLANG_WARN_RANGE_LOOP_ANALYSIS = YES;
				CLANG_WARN_STRICT_PROTOTYPES = YES;
				CLANG_WARN_SUSPICIOUS_MOVE = YES;
				CLANG_WARN_UNGUARDED_AVAILABILITY = YES_AGGRESSIVE;
				CLANG_WARN_UNREACHABLE_CODE = YES;
				CLANG_WARN__DUPLICATE_METHOD_MATCH = YES;
				COPY_PHASE_STRIP = NO;
				DEBUG_INFORMATION_FORMAT = "dwarf-with-dsym";
				ENABLE_NS_ASSERTIONS = NO;
				ENABLE_STRICT_OBJC_MSGSEND = YES;
				GCC_C_LANGUAGE_STANDARD = gnu11;
				GCC_NO_COMMON_BLOCKS = YES;
				GCC_WARN_64_TO_32_BIT_CONVERSION = YES;
				GCC_WARN_ABOUT_RETURN_TYPE = YES_ERROR;
				GCC_WARN_UNDECLARED_SELECTOR = YES;
				GCC_WARN_UNINITIALIZED_AUTOS = YES_AGGRESSIVE;
				GCC_WARN_UNUSED_FUNCTION = YES;
				GCC_WARN_UNUSED_VARIABLE = YES;
				IPHONEOS_DEPLOYMENT_TARGET = 16.2;
				MTL_ENABLE_DEBUG_INFO = NO;
				MTL_FAST_MATH = YES;
				SDKROOT = iphoneos;
				SWIFT_COMPILATION_MODE = wholemodule;
				SWIFT_OPTIMIZATION_LEVEL = "-O";
				VALIDATE_PRODUCT = YES;
			};
			name = Release;
		};
		36136FF02A345A3F0019B989 /* Debug */ = {
			isa = XCBuildConfiguration;
			buildSettings = {
				ASSETCATALOG_COMPILER_APPICON_NAME = AppIcon;
				ASSETCATALOG_COMPILER_GLOBAL_ACCENT_COLOR_NAME = AccentColor;
				CODE_SIGN_STYLE = Automatic;
				CURRENT_PROJECT_VERSION = 1;
				DEVELOPMENT_ASSET_PATHS = "\"Calculator/Preview Content\"";
				ENABLE_PREVIEWS = YES;
				GENERATE_INFOPLIST_FILE = YES;
				INFOPLIST_KEY_UIApplicationSceneManifest_Generation = YES;
				INFOPLIST_KEY_UIApplicationSupportsIndirectInputEvents = YES;
				INFOPLIST_KEY_UILaunchScreen_Generation = YES;
				INFOPLIST_KEY_UISupportedInterfaceOrientations_iPad = "UIInterfaceOrientationPortrait UIInterfaceOrientationPortraitUpsideDown UIInterfaceOrientationLandscapeLeft UIInterfaceOrientationLandscapeRight";
				INFOPLIST_KEY_UISupportedInterfaceOrientations_iPhone = "UIInterfaceOrientationPortrait UIInterfaceOrientationLandscapeLeft UIInterfaceOrientationLandscapeRight";
				LD_RUNPATH_SEARCH_PATHS = (
					"$(inherited)",
					"@executable_path/Frameworks",
				);
				MARKETING_VERSION = 1.0;
				PRODUCT_BUNDLE_IDENTIFIER = com.rubi.Calculator;
				PRODUCT_NAME = "$(TARGET_NAME)";
				SWIFT_EMIT_LOC_STRINGS = YES;
				SWIFT_VERSION = 5.0;
				TARGETED_DEVICE_FAMILY = "1,2";
			};
			name = Debug;
		};
		36136FF12A345A3F0019B989 /* Release */ = {
			isa = XCBuildConfiguration;
			buildSettings = {
				ASSETCATALOG_COMPILER_APPICON_NAME = AppIcon;
				ASSETCATALOG_COMPILER_GLOBAL_ACCENT_COLOR_NAME = AccentColor;
				CODE_SIGN_STYLE = Automatic;
				CURRENT_PROJECT_VERSION = 1;
				DEVELOPMENT_ASSET_PATHS = "\"Calculator/Preview Content\"";
				ENABLE_PREVIEWS = YES;
				GENERATE_INFOPLIST_FILE = YES;
				INFOPLIST_KEY_UIApplicationSceneManifest_Generation = YES;
				INFOPLIST_KEY_UIApplicationSupportsIndirectInputEvents = YES;
				INFOPLIST_KEY_UILaunchScreen_Generation = YES;
				INFOPLIST_KEY_UISupportedInterfaceOrientations_iPad = "UIInterfaceOrientationPortrait UIInterfaceOrientationPortraitUpsideDown UIInterfaceOrientationLandscapeLeft UIInterfaceOrientationLandscapeRight";
				INFOPLIST_KEY_UISupportedInterfaceOrientations_iPhone = "UIInterfaceOrientationPortrait UIInterfaceOrientationLandscapeLeft UIInterfaceOrientationLandscapeRight";
				LD_RUNPATH_SEARCH_PATHS = (
					"$(inherited)",
					"@executable_path/Frameworks",
				);
				MARKETING_VERSION = 1.0;
				PRODUCT_BUNDLE_IDENTIFIER = com.rubi.Calculator;
				PRODUCT_NAME = "$(TARGET_NAME)";
				SWIFT_EMIT_LOC_STRINGS = YES;
				SWIFT_VERSION = 5.0;
				TARGETED_DEVICE_FAMILY = "1,2";
			};
			name = Release;
		};
/* End XCBuildConfiguration section */

/* Begin XCConfigurationList section */
		36136FDC2A345A3F0019B989 /* Build configuration list for PBXProject "Calculator" */ = {
			isa = XCConfigurationList;
			buildConfigurations = (
				36136FED2A345A3F0019B989 /* Debug */,
				36136FEE2A345A3F0019B989 /* Release */,
			);
			defaultConfigurationIsVisible = 0;
			defaultConfigurationName = Release;
		};
		36136FEF2A345A3F0019B989 /* Build configuration list for PBXNativeTarget "Calculator" */ = {
			isa = XCConfigurationList;
			buildConfigurations = (
				36136FF02A345A3F0019B989 /* Debug */,
				36136FF12A345A3F0019B989 /* Release */,
			);
			defaultConfigurationIsVisible = 0;
			defaultConfigurationName = Release;
		};
/* End XCConfigurationList section */
	};
	rootObject = 36136FD92A345A3F0019B989 /* Project object */;
}
